{
  "name": "tools",
  "version": "1.0.0",
  "lockfileVersion": 3,
  "requires": true,
  "packages": {
    "": {
      "name": "tools",
      "version": "1.0.0",
      "license": "ISC",
      "dependencies": {
        "@roo-code/types": "^1.115.0"
      }
    },
    "node_modules/@roo-code/types": {
      "version": "1.115.0",
      "resolved": "https://registry.npmjs.org/@roo-code/types/-/types-1.115.0.tgz",
      "integrity": "sha512-aJT8RhxoVdGRyiU7roQKgJRxget+4oOosQj/6XYufLHHGQnrGOkKCPRM7jGAMo88/8CRAmLgJcLAjEEsbpg8Qw==",
      "license": "MIT",
      "dependencies": {
        "zod": "3.25.76"
      }
    },
    "node_modules/zod": {
      "version": "3.25.76",
      "resolved": "https://registry.npmjs.org/zod/-/zod-3.25.76.tgz",
      "integrity": "sha512-gzUt/qt81nXsFGKIFcC3YnfEAx5NkunCfnDlvuBSSFS02bcXu4Lmea0AFIUwbLWxWPx3d9p8S5QoaujKcNQxcQ==",
      "license": "MIT",
      "funding": {
        "url": "https://github.com/sponsors/colinhacks"
      }
    }
  }
}
